{
  "name": "jevk-script",
  "lockfileVersion": 2,
  "requires": true,
  "packages": {
    "": {
      "name": "jevk-script",
      "dependencies": {
        "mjs": "^1.0.0"
      }
    },
    "node_modules/mjs": {
      "version": "1.0.0",
      "resolved": "https://registry.npmjs.org/mjs/-/mjs-1.0.0.tgz",
      "integrity": "sha512-rh75GZMBiS7w4k7uKdDkSsAP0YgXvVsBBtlwO1pn/lh/PtojHlJla458cHszAEXIGG/qhHZAk7akK3gLyEsk6Q=="
    }
  },
  "dependencies": {
    "mjs": {
      "version": "1.0.0",
      "resolved": "https://registry.npmjs.org/mjs/-/mjs-1.0.0.tgz",
      "integrity": "sha512-rh75GZMBiS7w4k7uKdDkSsAP0YgXvVsBBtlwO1pn/lh/PtojHlJla458cHszAEXIGG/qhHZAk7akK3gLyEsk6Q=="
    }
  }
}
